{
  "name": "vio-example",
  "version": "1.0.0",
  "lockfileVersion": 3,
  "requires": true,
  "packages": {
    "": {
      "name": "vio-example",
      "version": "1.0.0",
      "devDependencies": {
        "@olwiba/vio": "file:.."
      }
    },
    "..": {
      "name": "@olwiba/vio",
      "version": "1.0.0",
      "dev": true,
      "license": "MIT",
      "dependencies": {
        "sharp": "^0.34.2",
        "svgo": "^3.0.0"
      },
      "devDependencies": {
        "@types/node": "^22.15.29",
        "@typescript-eslint/eslint-plugin": "^8.33.1",
        "@typescript-eslint/parser": "^8.33.1",
        "eslint": "^9.28.0",
        "np": "^10.0.0",
        "tsup": "^8.0.0",
        "typescript": "^5.0.0",
        "vite": "^6.3.5",
        "vitest": "^3.2.0"
      },
      "engines": {
        "node": ">=16"
      },
      "peerDependencies": {
        "vite": "^4.0.0 || ^5.0.0"
      }
    },
    "node_modules/@olwiba/vio": {
      "resolved": "..",
      "link": true
    }
  }
}
